<Solution>
  <Project Path="MangaManagementSystem.API/MangaManagementSystem.API.csproj" Id="4072b56f-3eff-4175-9cef-b8d9d1dd1c2b" />
  <Project Path="src/MangaManagementSystem.Application/MangaManagementSystem.Application.csproj" />
  <Project Path="src/MangaManagementSystem.Domain/MangaManagementSystem.Domain.csproj" />
  <Project Path="src/MangaManagementSystem.Infrastructure/MangaManagementSystem.Infrastructure.csproj" />
  <Project Path="src/MangaManagementSystem.Web/MangaManagementSystem.Web.csproj" Id="680cc25f-c939-448e-8401-fca2f0b314b2" />
</Solution>
